
Microsoft Visual Studio Solution File, Format Version 12.00
# Visual Studio 14
VisualStudioVersion = 14.0.25420.1
MinimumVisualStudioVersion = 10.0.40219.1
Project("{FAE04EC0-301F-11D3-BF4B-00C04F79EFBC}") = "LowerCase", "LowerCase\LowerCase.csproj", "{DF4DA922-67CB-420A-9EAE-AB33E2312DA6}"
EndProject
Project("{FAE04EC0-301F-11D3-BF4B-00C04F79EFBC}") = "Palindrome", "Palindrome\Palindrome.csproj", "{93091BDD-7061-40E5-9F48-FAEDA802C06F}"
EndProject
Project("{FAE04EC0-301F-11D3-BF4B-00C04F79EFBC}") = "Format", "Format\Format.csproj", "{4AB09AEC-7642-46C3-9B31-3E627FA9F86F}"
EndProject
Global
	GlobalSection(SolutionConfigurationPlatforms) = preSolution
		Debug|Any CPU = Debug|Any CPU
		Release|Any CPU = Release|Any CPU
	EndGlobalSection
	GlobalSection(ProjectConfigurationPlatforms) = postSolution
		{DF4DA922-67CB-420A-9EAE-AB33E2312DA6}.Debug|Any CPU.ActiveCfg = Debug|Any CPU
		{DF4DA922-67CB-420A-9EAE-AB33E2312DA6}.Debug|Any CPU.Build.0 = Debug|Any CPU
		{DF4DA922-67CB-420A-9EAE-AB33E2312DA6}.Release|Any CPU.ActiveCfg = Release|Any CPU
		{DF4DA922-67CB-420A-9EAE-AB33E2312DA6}.Release|Any CPU.Build.0 = Release|Any CPU
		{93091BDD-7061-40E5-9F48-FAEDA802C06F}.Debug|Any CPU.ActiveCfg = Debug|Any CPU
		{93091BDD-7061-40E5-9F48-FAEDA802C06F}.Debug|Any CPU.Build.0 = Debug|Any CPU
		{93091BDD-7061-40E5-9F48-FAEDA802C06F}.Release|Any CPU.ActiveCfg = Release|Any CPU
		{93091BDD-7061-40E5-9F48-FAEDA802C06F}.Release|Any CPU.Build.0 = Release|Any CPU
		{4AB09AEC-7642-46C3-9B31-3E627FA9F86F}.Debug|Any CPU.ActiveCfg = Debug|Any CPU
		{4AB09AEC-7642-46C3-9B31-3E627FA9F86F}.Debug|Any CPU.Build.0 = Debug|Any CPU
		{4AB09AEC-7642-46C3-9B31-3E627FA9F86F}.Release|Any CPU.ActiveCfg = Release|Any CPU
		{4AB09AEC-7642-46C3-9B31-3E627FA9F86F}.Release|Any CPU.Build.0 = Release|Any CPU
	EndGlobalSection
	GlobalSection(SolutionProperties) = preSolution
		HideSolutionNode = FALSE
	EndGlobalSection
EndGlobal
